<Solution>
  <Project Path="Ejemplo2_OperadorCondicional/Ejemplo2_OperadorCondicional.csproj" Id="68cad5fa-8555-42e8-89e6-de4890e246a5" />
  <Project Path="Ejemplo7_CICLO-FOR/Ejercicio7_CICLO-FOR.csproj" Id="0982c863-a947-484d-b7c6-78e31b8c47bb" />
  <Project Path="Ejercicio10_MÉTODOS CON MULTIPLES PARÁMETROS/Ejercicio10_MÉTODOS CON MULTIPLES PARÁMETROS.csproj" Id="95b9aeaa-f250-4688-b249-19d16b6eacdc" />
  <Project Path="Ejercicio12_PARÁMETROS/Ejercicio12_PARÁMETROS.csproj" Id="d69a6b5d-0e6d-4e13-b547-5c327f9f8ae3" />
  <Project Path="Ejercicio13_CONSTRUCTORES/Ejercicio13_CONSTRUCTORES.csproj" Id="675c3652-cb39-4c2d-87e9-0a926e97ca6b" />
  <Project Path="Ejercicio14_Biblioteca_Clases/Ejercicio14_Biblioteca_Clases.csproj" Id="851567a7-b2b6-4e70-baa0-1d10818e3eb4" />
  <Project Path="Ejercicio14_ClienteConsola/Ejercicio14_ClienteConsola.csproj" Id="09a28f0e-f029-4c3a-b9a2-97ba568c90f2" />
  <Project Path="Ejercicio15_VALIDACIONES/Ejercicio15_VALIDACIONES.csproj" Id="df41f612-4bbf-4826-81d9-148ee19b2c86" />
  <Project Path="Ejercicio16_VECTORES/Ejercicio16_VECTORES.csproj" Id="f32e522e-65e1-413c-9a26-c741108d198d" />
  <Project Path="Ejercicio17_MATRICES/Ejercicio17_MATRICES.csproj" Id="3183dba6-25e8-4ebc-b026-aa1da6c649c6" />
  <Project Path="Ejercicio3CONDICIONALIF/Ejercicio3CONDICIONALIF.csproj" Id="36603e9c-9d3d-4db2-8c47-6b035e5e4467" />
  <Project Path="Ejercicio4_SWITCH/Ejercicio4_SWITCH.csproj" Id="1fd7667d-151c-4c53-9e87-f73b81d9c3ce" />
  <Project Path="Ejercicio5_CICLOWHILE/Ejercicio5_CICLOWHILE.csproj" Id="8c65ce58-96b1-43d8-8c1f-c69b68cc9b47" />
  <Project Path="Ejercicio6_DOWHILE/Ejercicio6_DOWHILE.csproj" Id="7e0a829c-f04c-40b4-b2c1-cc69a8a49405" />
  <Project Path="Ejercicio8_FOR-EACH/Ejercicio8_FOR-EACH.csproj" Id="3ea9a797-b1e4-455c-9d37-74ca0ce51aae" />
  <Project Path="Ejercicio9_METODOS/Ejercicio9_METODOS.csproj" Id="e9a2c10f-23e1-48be-ab3e-6637063bb8c6" />
  <Project Path="Elercicio14_ClienteVisualBasic/Elercicio14_ClienteVisualBasic.vbproj" Id="3156a832-1ea6-4039-8314-0752c971eb93" />
  <Project Path="Form1/Ejercicio11_FORM1.csproj" Id="882100c4-8b54-4bb7-b064-997b615efdee" />
  <Project Path="Test2NetCORE/Test2NetCORE.csproj" />
  <Project Path="Test3NETCORE/Test3NETCORE.csproj" />
  <Project Path="TestConsola1/TestConsola1.csproj" Id="becce3a0-3daa-4454-89c0-fbcbb1c55720" />
</Solution>
